// !$*UTF8*$!
{
	archiveVersion = 1;
	classes = {
	};
	objectVersion = 56;
	objects = {

/* Begin PBXBuildFile section */
		DA1871FD297851AF0095697A /* DetailAddressPresenter.swift in Sources */ = {isa = PBXBuildFile; fileRef = DA1871FA297851AF0095697A /* DetailAddressPresenter.swift */; };
		DA1871FE297851B00095697A /* DetailAddressRouter.swift in Sources */ = {isa = PBXBuildFile; fileRef = DA1871FB297851AF0095697A /* DetailAddressRouter.swift */; };
		DA1871FF297851B00095697A /* DetailAddressViewController.swift in Sources */ = {isa = PBXBuildFile; fileRef = DA1871FC297851AF0095697A /* DetailAddressViewController.swift */; };
		DA187202297856A50095697A /* DescriptionView.swift in Sources */ = {isa = PBXBuildFile; fileRef = DA187201297856A50095697A /* DescriptionView.swift */; };
		DA187207297880520095697A /* DetailsTextField.swift in Sources */ = {isa = PBXBuildFile; fileRef = DA187206297880520095697A /* DetailsTextField.swift */; };
		DAFB809E29571FDF00C4FA54 /* AppDelegate.swift in Sources */ = {isa = PBXBuildFile; fileRef = DAFB809D29571FDF00C4FA54 /* AppDelegate.swift */; };
		DAFB80A029571FDF00C4FA54 /* SceneDelegate.swift in Sources */ = {isa = PBXBuildFile; fileRef = DAFB809F29571FDF00C4FA54 /* SceneDelegate.swift */; };
		DAFB80A729571FE000C4FA54 /* Assets.xcassets in Resources */ = {isa = PBXBuildFile; fileRef = DAFB80A629571FE000C4FA54 /* Assets.xcassets */; };
		DAFB80AA29571FE000C4FA54 /* LaunchScreen.storyboard in Resources */ = {isa = PBXBuildFile; fileRef = DAFB80A829571FE000C4FA54 /* LaunchScreen.storyboard */; };
		DAFB80B5295727A800C4FA54 /* Date+Extension.swift in Sources */ = {isa = PBXBuildFile; fileRef = DAFB80B4295727A800C4FA54 /* Date+Extension.swift */; };
		DAFB80B7295727D900C4FA54 /* Identifire+Extension.swift in Sources */ = {isa = PBXBuildFile; fileRef = DAFB80B6295727D900C4FA54 /* Identifire+Extension.swift */; };
		DAFB80B9295727FE00C4FA54 /* UIColor+Extension.swift in Sources */ = {isa = PBXBuildFile; fileRef = DAFB80B8295727FE00C4FA54 /* UIColor+Extension.swift */; };
		DAFB80BC2957287700C4FA54 /* DatabaseManager.swift in Sources */ = {isa = PBXBuildFile; fileRef = DAFB80BB2957287700C4FA54 /* DatabaseManager.swift */; };
		DAFB80BE2957287E00C4FA54 /* LocationManager.swift in Sources */ = {isa = PBXBuildFile; fileRef = DAFB80BD2957287D00C4FA54 /* LocationManager.swift */; };
		DAFB80C1295728B200C4FA54 /* RealmSwift in Frameworks */ = {isa = PBXBuildFile; productRef = DAFB80C0295728B200C4FA54 /* RealmSwift */; };
		DAFB80C4295728C200C4FA54 /* EasyAutolayout in Frameworks */ = {isa = PBXBuildFile; productRef = DAFB80C3295728C200C4FA54 /* EasyAutolayout */; };
		DAFB80C729572A4C00C4FA54 /* LocationModel.swift in Sources */ = {isa = PBXBuildFile; fileRef = DAFB80C629572A4B00C4FA54 /* LocationModel.swift */; };
		DAFB80C929572A5400C4FA54 /* RouteModel.swift in Sources */ = {isa = PBXBuildFile; fileRef = DAFB80C829572A5400C4FA54 /* RouteModel.swift */; };
		DAFB80CE29572AC700C4FA54 /* LocationsTableViewCell.swift in Sources */ = {isa = PBXBuildFile; fileRef = DAFB80CD29572AC700C4FA54 /* LocationsTableViewCell.swift */; };
		DAFB80D029572B0300C4FA54 /* MainPresenter.swift in Sources */ = {isa = PBXBuildFile; fileRef = DAFB80CF29572B0300C4FA54 /* MainPresenter.swift */; };
		DAFB80D229572B2400C4FA54 /* MainRouter.swift in Sources */ = {isa = PBXBuildFile; fileRef = DAFB80D129572B2400C4FA54 /* MainRouter.swift */; };
		DAFB80D429572B4300C4FA54 /* MainViewController.swift in Sources */ = {isa = PBXBuildFile; fileRef = DAFB80D329572B4300C4FA54 /* MainViewController.swift */; };
		DAFB80DD29572C4700C4FA54 /* NewRouteTableViewCell.swift in Sources */ = {isa = PBXBuildFile; fileRef = DAFB80DC29572C4700C4FA54 /* NewRouteTableViewCell.swift */; };
		DAFB80DF29572C8600C4FA54 /* SearchResultTableViewController.swift in Sources */ = {isa = PBXBuildFile; fileRef = DAFB80DE29572C8600C4FA54 /* SearchResultTableViewController.swift */; };
		DAFB80E129572CA900C4FA54 /* NewRouteViewController.swift in Sources */ = {isa = PBXBuildFile; fileRef = DAFB80E029572CA900C4FA54 /* NewRouteViewController.swift */; };
		DAFB80E329572CC500C4FA54 /* NewRoutePresenter.swift in Sources */ = {isa = PBXBuildFile; fileRef = DAFB80E229572CC500C4FA54 /* NewRoutePresenter.swift */; };
		DAFB80E529572CDE00C4FA54 /* NewRouteRouter.swift in Sources */ = {isa = PBXBuildFile; fileRef = DAFB80E429572CDE00C4FA54 /* NewRouteRouter.swift */; };
		DAFB80E929572D1700C4FA54 /* RoutesTableCell.swift in Sources */ = {isa = PBXBuildFile; fileRef = DAFB80E829572D1700C4FA54 /* RoutesTableCell.swift */; };
		DAFB80EB29572D3A00C4FA54 /* RoutesViewController.swift in Sources */ = {isa = PBXBuildFile; fileRef = DAFB80EA29572D3A00C4FA54 /* RoutesViewController.swift */; };
		DAFB80ED29572D5400C4FA54 /* RoutesPresenter.swift in Sources */ = {isa = PBXBuildFile; fileRef = DAFB80EC29572D5400C4FA54 /* RoutesPresenter.swift */; };
		DAFB80EF29572D7B00C4FA54 /* RoutesRouter.swift in Sources */ = {isa = PBXBuildFile; fileRef = DAFB80EE29572D7B00C4FA54 /* RoutesRouter.swift */; };
/* End PBXBuildFile section */

/* Begin PBXFileReference section */
		DA1871FA297851AF0095697A /* DetailAddressPresenter.swift */ = {isa = PBXFileReference; lastKnownFileType = sourcecode.swift; path = DetailAddressPresenter.swift; sourceTree = "<group>"; };
		DA1871FB297851AF0095697A /* DetailAddressRouter.swift */ = {isa = PBXFileReference; lastKnownFileType = sourcecode.swift; path = DetailAddressRouter.swift; sourceTree = "<group>"; };
		DA1871FC297851AF0095697A /* DetailAddressViewController.swift */ = {isa = PBXFileReference; lastKnownFileType = sourcecode.swift; path = DetailAddressViewController.swift; sourceTree = "<group>"; };
		DA187201297856A50095697A /* DescriptionView.swift */ = {isa = PBXFileReference; lastKnownFileType = sourcecode.swift; path = DescriptionView.swift; sourceTree = "<group>"; };
		DA187206297880520095697A /* DetailsTextField.swift */ = {isa = PBXFileReference; lastKnownFileType = sourcecode.swift; path = DetailsTextField.swift; sourceTree = "<group>"; };
		DAFB809A29571FDF00C4FA54 /* RoutesPlanner.app */ = {isa = PBXFileReference; explicitFileType = wrapper.application; includeInIndex = 0; path = RoutesPlanner.app; sourceTree = BUILT_PRODUCTS_DIR; };
		DAFB809D29571FDF00C4FA54 /* AppDelegate.swift */ = {isa = PBXFileReference; lastKnownFileType = sourcecode.swift; path = AppDelegate.swift; sourceTree = "<group>"; };
		DAFB809F29571FDF00C4FA54 /* SceneDelegate.swift */ = {isa = PBXFileReference; lastKnownFileType = sourcecode.swift; path = SceneDelegate.swift; sourceTree = "<group>"; };
		DAFB80A629571FE000C4FA54 /* Assets.xcassets */ = {isa = PBXFileReference; lastKnownFileType = folder.assetcatalog; path = Assets.xcassets; sourceTree = "<group>"; };
		DAFB80A929571FE000C4FA54 /* Base */ = {isa = PBXFileReference; lastKnownFileType = file.storyboard; name = Base; path = Base.lproj/LaunchScreen.storyboard; sourceTree = "<group>"; };
		DAFB80AB29571FE000C4FA54 /* Info.plist */ = {isa = PBXFileReference; lastKnownFileType = text.plist.xml; path = Info.plist; sourceTree = "<group>"; };
		DAFB80B4295727A800C4FA54 /* Date+Extension.swift */ = {isa = PBXFileReference; fileEncoding = 4; lastKnownFileType = sourcecode.swift; path = "Date+Extension.swift"; sourceTree = "<group>"; };
		DAFB80B6295727D900C4FA54 /* Identifire+Extension.swift */ = {isa = PBXFileReference; fileEncoding = 4; lastKnownFileType = sourcecode.swift; path = "Identifire+Extension.swift"; sourceTree = "<group>"; };
		DAFB80B8295727FE00C4FA54 /* UIColor+Extension.swift */ = {isa = PBXFileReference; fileEncoding = 4; lastKnownFileType = sourcecode.swift; path = "UIColor+Extension.swift"; sourceTree = "<group>"; };
		DAFB80BB2957287700C4FA54 /* DatabaseManager.swift */ = {isa = PBXFileReference; fileEncoding = 4; lastKnownFileType = sourcecode.swift; path = DatabaseManager.swift; sourceTree = "<group>"; };
		DAFB80BD2957287D00C4FA54 /* LocationManager.swift */ = {isa = PBXFileReference; fileEncoding = 4; lastKnownFileType = sourcecode.swift; path = LocationManager.swift; sourceTree = "<group>"; };
		DAFB80C629572A4B00C4FA54 /* LocationModel.swift */ = {isa = PBXFileReference; fileEncoding = 4; lastKnownFileType = sourcecode.swift; path = LocationModel.swift; sourceTree = "<group>"; };
		DAFB80C829572A5400C4FA54 /* RouteModel.swift */ = {isa = PBXFileReference; fileEncoding = 4; lastKnownFileType = sourcecode.swift; path = RouteModel.swift; sourceTree = "<group>"; };
		DAFB80CD29572AC700C4FA54 /* LocationsTableViewCell.swift */ = {isa = PBXFileReference; fileEncoding = 4; lastKnownFileType = sourcecode.swift; path = LocationsTableViewCell.swift; sourceTree = "<group>"; };
		DAFB80CF29572B0300C4FA54 /* MainPresenter.swift */ = {isa = PBXFileReference; fileEncoding = 4; lastKnownFileType = sourcecode.swift; path = MainPresenter.swift; sourceTree = "<group>"; };
		DAFB80D129572B2400C4FA54 /* MainRouter.swift */ = {isa = PBXFileReference; fileEncoding = 4; lastKnownFileType = sourcecode.swift; path = MainRouter.swift; sourceTree = "<group>"; };
		DAFB80D329572B4300C4FA54 /* MainViewController.swift */ = {isa = PBXFileReference; fileEncoding = 4; lastKnownFileType = sourcecode.swift; path = MainViewController.swift; sourceTree = "<group>"; };
		DAFB80DC29572C4700C4FA54 /* NewRouteTableViewCell.swift */ = {isa = PBXFileReference; fileEncoding = 4; lastKnownFileType = sourcecode.swift; path = NewRouteTableViewCell.swift; sourceTree = "<group>"; };
		DAFB80DE29572C8600C4FA54 /* SearchResultTableViewController.swift */ = {isa = PBXFileReference; fileEncoding = 4; lastKnownFileType = sourcecode.swift; path = SearchResultTableViewController.swift; sourceTree = "<group>"; };
		DAFB80E029572CA900C4FA54 /* NewRouteViewController.swift */ = {isa = PBXFileReference; fileEncoding = 4; lastKnownFileType = sourcecode.swift; path = NewRouteViewController.swift; sourceTree = "<group>"; };
		DAFB80E229572CC500C4FA54 /* NewRoutePresenter.swift */ = {isa = PBXFileReference; fileEncoding = 4; lastKnownFileType = sourcecode.swift; path = NewRoutePresenter.swift; sourceTree = "<group>"; };
		DAFB80E429572CDE00C4FA54 /* NewRouteRouter.swift */ = {isa = PBXFileReference; fileEncoding = 4; lastKnownFileType = sourcecode.swift; path = NewRouteRouter.swift; sourceTree = "<group>"; };
		DAFB80E829572D1700C4FA54 /* RoutesTableCell.swift */ = {isa = PBXFileReference; fileEncoding = 4; lastKnownFileType = sourcecode.swift; path = RoutesTableCell.swift; sourceTree = "<group>"; };
		DAFB80EA29572D3A00C4FA54 /* RoutesViewController.swift */ = {isa = PBXFileReference; fileEncoding = 4; lastKnownFileType = sourcecode.swift; path = RoutesViewController.swift; sourceTree = "<group>"; };
		DAFB80EC29572D5400C4FA54 /* RoutesPresenter.swift */ = {isa = PBXFileReference; fileEncoding = 4; lastKnownFileType = sourcecode.swift; path = RoutesPresenter.swift; sourceTree = "<group>"; };
		DAFB80EE29572D7B00C4FA54 /* RoutesRouter.swift */ = {isa = PBXFileReference; fileEncoding = 4; lastKnownFileType = sourcecode.swift; path = RoutesRouter.swift; sourceTree = "<group>"; };
/* End PBXFileReference section */

/* Begin PBXFrameworksBuildPhase section */
		DAFB809729571FDF00C4FA54 /* Frameworks */ = {
			isa = PBXFrameworksBuildPhase;
			buildActionMask = 2147483647;
			files = (
				DAFB80C1295728B200C4FA54 /* RealmSwift in Frameworks */,
				DAFB80C4295728C200C4FA54 /* EasyAutolayout in Frameworks */,
			);
			runOnlyForDeploymentPostprocessing = 0;
		};
/* End PBXFrameworksBuildPhase section */

/* Begin PBXGroup section */
		DA1871F9297851880095697A /* DetailAddress */ = {
			isa = PBXGroup;
			children = (
				DA187205297880290095697A /* Views */,
				DA1871FA297851AF0095697A /* DetailAddressPresenter.swift */,
				DA1871FB297851AF0095697A /* DetailAddressRouter.swift */,
				DA1871FC297851AF0095697A /* DetailAddressViewController.swift */,
			);
			path = DetailAddress;
			sourceTree = "<group>";
		};
		DA1872002978568C0095697A /* Views */ = {
			isa = PBXGroup;
			children = (
				DA187201297856A50095697A /* DescriptionView.swift */,
			);
			path = Views;
			sourceTree = "<group>";
		};
		DA187205297880290095697A /* Views */ = {
			isa = PBXGroup;
			children = (
				DA187206297880520095697A /* DetailsTextField.swift */,
			);
			path = Views;
			sourceTree = "<group>";
		};
		DAFB809129571FDF00C4FA54 = {
			isa = PBXGroup;
			children = (
				DAFB809C29571FDF00C4FA54 /* RoutesPlanner */,
				DAFB809B29571FDF00C4FA54 /* Products */,
			);
			sourceTree = "<group>";
		};
		DAFB809B29571FDF00C4FA54 /* Products */ = {
			isa = PBXGroup;
			children = (
				DAFB809A29571FDF00C4FA54 /* RoutesPlanner.app */,
			);
			name = Products;
			sourceTree = "<group>";
		};
		DAFB809C29571FDF00C4FA54 /* RoutesPlanner */ = {
			isa = PBXGroup;
			children = (
				DAFB80CA29572A9F00C4FA54 /* Modules */,
				DAFB80C529572A3E00C4FA54 /* Models */,
				DAFB80BA2957283100C4FA54 /* Managers */,
				DAFB80B32957279A00C4FA54 /* Extensions */,
				DAFB80B22957248300C4FA54 /* Application */,
				DAFB80B12957246200C4FA54 /* Resources */,
			);
			path = RoutesPlanner;
			sourceTree = "<group>";
		};
		DAFB80B12957246200C4FA54 /* Resources */ = {
			isa = PBXGroup;
			children = (
				DAFB80A629571FE000C4FA54 /* Assets.xcassets */,
				DAFB80A829571FE000C4FA54 /* LaunchScreen.storyboard */,
				DAFB80AB29571FE000C4FA54 /* Info.plist */,
			);
			path = Resources;
			sourceTree = "<group>";
		};
		DAFB80B22957248300C4FA54 /* Application */ = {
			isa = PBXGroup;
			children = (
				DAFB809D29571FDF00C4FA54 /* AppDelegate.swift */,
				DAFB809F29571FDF00C4FA54 /* SceneDelegate.swift */,
			);
			path = Application;
			sourceTree = "<group>";
		};
		DAFB80B32957279A00C4FA54 /* Extensions */ = {
			isa = PBXGroup;
			children = (
				DAFB80B8295727FE00C4FA54 /* UIColor+Extension.swift */,
				DAFB80B6295727D900C4FA54 /* Identifire+Extension.swift */,
				DAFB80B4295727A800C4FA54 /* Date+Extension.swift */,
			);
			path = Extensions;
			sourceTree = "<group>";
		};
		DAFB80BA2957283100C4FA54 /* Managers */ = {
			isa = PBXGroup;
			children = (
				DAFB80BB2957287700C4FA54 /* DatabaseManager.swift */,
				DAFB80BD2957287D00C4FA54 /* LocationManager.swift */,
			);
			path = Managers;
			sourceTree = "<group>";
		};
		DAFB80C529572A3E00C4FA54 /* Models */ = {
			isa = PBXGroup;
			children = (
				DAFB80C829572A5400C4FA54 /* RouteModel.swift */,
				DAFB80C629572A4B00C4FA54 /* LocationModel.swift */,
			);
			path = Models;
			sourceTree = "<group>";
		};
		DAFB80CA29572A9F00C4FA54 /* Modules */ = {
			isa = PBXGroup;
			children = (
				DA1871F9297851880095697A /* DetailAddress */,
				DAFB80E629572D0300C4FA54 /* Routes */,
				DAFB80D529572B7100C4FA54 /* NewRoute */,
				DAFB80CB29572AAE00C4FA54 /* Main */,
			);
			path = Modules;
			sourceTree = "<group>";
		};
		DAFB80CB29572AAE00C4FA54 /* Main */ = {
			isa = PBXGroup;
			children = (
				DAFB80D329572B4300C4FA54 /* MainViewController.swift */,
				DAFB80D129572B2400C4FA54 /* MainRouter.swift */,
				DAFB80CF29572B0300C4FA54 /* MainPresenter.swift */,
				DAFB80CC29572AB800C4FA54 /* LocationsTableCell */,
			);
			path = Main;
			sourceTree = "<group>";
		};
		DAFB80CC29572AB800C4FA54 /* LocationsTableCell */ = {
			isa = PBXGroup;
			children = (
				DAFB80CD29572AC700C4FA54 /* LocationsTableViewCell.swift */,
				DA1872002978568C0095697A /* Views */,
			);
			path = LocationsTableCell;
			sourceTree = "<group>";
		};
		DAFB80D529572B7100C4FA54 /* NewRoute */ = {
			isa = PBXGroup;
			children = (
				DAFB80E429572CDE00C4FA54 /* NewRouteRouter.swift */,
				DAFB80E229572CC500C4FA54 /* NewRoutePresenter.swift */,
				DAFB80E029572CA900C4FA54 /* NewRouteViewController.swift */,
				DAFB80DE29572C8600C4FA54 /* SearchResultTableViewController.swift */,
				DAFB80DB29572C3700C4FA54 /* NewRouteTableViewCell */,
			);
			path = NewRoute;
			sourceTree = "<group>";
		};
		DAFB80DB29572C3700C4FA54 /* NewRouteTableViewCell */ = {
			isa = PBXGroup;
			children = (
				DAFB80DC29572C4700C4FA54 /* NewRouteTableViewCell.swift */,
			);
			path = NewRouteTableViewCell;
			sourceTree = "<group>";
		};
		DAFB80E629572D0300C4FA54 /* Routes */ = {
			isa = PBXGroup;
			children = (
				DAFB80EE29572D7B00C4FA54 /* RoutesRouter.swift */,
				DAFB80EC29572D5400C4FA54 /* RoutesPresenter.swift */,
				DAFB80EA29572D3A00C4FA54 /* RoutesViewController.swift */,
				DAFB80E729572D0D00C4FA54 /* RoutesTableCell */,
			);
			path = Routes;
			sourceTree = "<group>";
		};
		DAFB80E729572D0D00C4FA54 /* RoutesTableCell */ = {
			isa = PBXGroup;
			children = (
				DAFB80E829572D1700C4FA54 /* RoutesTableCell.swift */,
			);
			path = RoutesTableCell;
			sourceTree = "<group>";
		};
/* End PBXGroup section */

/* Begin PBXNativeTarget section */
		DAFB809929571FDF00C4FA54 /* RoutesPlanner */ = {
			isa = PBXNativeTarget;
			buildConfigurationList = DAFB80AE29571FE000C4FA54 /* Build configuration list for PBXNativeTarget "RoutesPlanner" */;
			buildPhases = (
				DAFB809629571FDF00C4FA54 /* Sources */,
				DAFB809729571FDF00C4FA54 /* Frameworks */,
				DAFB809829571FDF00C4FA54 /* Resources */,
			);
			buildRules = (
			);
			dependencies = (
			);
			name = RoutesPlanner;
			packageProductDependencies = (
				DAFB80C0295728B200C4FA54 /* RealmSwift */,
				DAFB80C3295728C200C4FA54 /* EasyAutolayout */,
			);
			productName = RoutesPlanner;
			productReference = DAFB809A29571FDF00C4FA54 /* RoutesPlanner.app */;
			productType = "com.apple.product-type.application";
		};
/* End PBXNativeTarget section */

/* Begin PBXProject section */
		DAFB809229571FDF00C4FA54 /* Project object */ = {
			isa = PBXProject;
			attributes = {
				BuildIndependentTargetsInParallel = 1;
				LastSwiftUpdateCheck = 1420;
				LastUpgradeCheck = 1420;
				TargetAttributes = {
					DAFB809929571FDF00C4FA54 = {
						CreatedOnToolsVersion = 14.2;
					};
				};
			};
			buildConfigurationList = DAFB809529571FDF00C4FA54 /* Build configuration list for PBXProject "RoutesPlanner" */;
			compatibilityVersion = "Xcode 14.0";
			developmentRegion = en;
			hasScannedForEncodings = 0;
			knownRegions = (
				en,
				Base,
			);
			mainGroup = DAFB809129571FDF00C4FA54;
			packageReferences = (
				DAFB80BF295728B200C4FA54 /* XCRemoteSwiftPackageReference "realm-swift" */,
				DAFB80C2295728C200C4FA54 /* XCRemoteSwiftPackageReference "EasyAutoLayout" */,
			);
			productRefGroup = DAFB809B29571FDF00C4FA54 /* Products */;
			projectDirPath = "";
			projectRoot = "";
			targets = (
				DAFB809929571FDF00C4FA54 /* RoutesPlanner */,
			);
		};
/* End PBXProject section */

/* Begin PBXResourcesBuildPhase section */
		DAFB809829571FDF00C4FA54 /* Resources */ = {
			isa = PBXResourcesBuildPhase;
			buildActionMask = 2147483647;
			files = (
				DAFB80AA29571FE000C4FA54 /* LaunchScreen.storyboard in Resources */,
				DAFB80A729571FE000C4FA54 /* Assets.xcassets in Resources */,
			);
			runOnlyForDeploymentPostprocessing = 0;
		};
/* End PBXResourcesBuildPhase section */

/* Begin PBXSourcesBuildPhase section */
		DAFB809629571FDF00C4FA54 /* Sources */ = {
			isa = PBXSourcesBuildPhase;
			buildActionMask = 2147483647;
			files = (
				DAFB80C729572A4C00C4FA54 /* LocationModel.swift in Sources */,
				DA1871FF297851B00095697A /* DetailAddressViewController.swift in Sources */,
				DAFB80D429572B4300C4FA54 /* MainViewController.swift in Sources */,
				DAFB80B7295727D900C4FA54 /* Identifire+Extension.swift in Sources */,
				DA187207297880520095697A /* DetailsTextField.swift in Sources */,
				DAFB809E29571FDF00C4FA54 /* AppDelegate.swift in Sources */,
				DAFB80C929572A5400C4FA54 /* RouteModel.swift in Sources */,
				DAFB80BC2957287700C4FA54 /* DatabaseManager.swift in Sources */,
				DA1871FE297851B00095697A /* DetailAddressRouter.swift in Sources */,
				DAFB80D229572B2400C4FA54 /* MainRouter.swift in Sources */,
				DAFB80BE2957287E00C4FA54 /* LocationManager.swift in Sources */,
				DAFB80E929572D1700C4FA54 /* RoutesTableCell.swift in Sources */,
				DAFB80ED29572D5400C4FA54 /* RoutesPresenter.swift in Sources */,
				DAFB80DD29572C4700C4FA54 /* NewRouteTableViewCell.swift in Sources */,
				DAFB80CE29572AC700C4FA54 /* LocationsTableViewCell.swift in Sources */,
				DA1871FD297851AF0095697A /* DetailAddressPresenter.swift in Sources */,
				DA187202297856A50095697A /* DescriptionView.swift in Sources */,
				DAFB80A029571FDF00C4FA54 /* SceneDelegate.swift in Sources */,
				DAFB80E529572CDE00C4FA54 /* NewRouteRouter.swift in Sources */,
				DAFB80EF29572D7B00C4FA54 /* RoutesRouter.swift in Sources */,
				DAFB80D029572B0300C4FA54 /* MainPresenter.swift in Sources */,
				DAFB80EB29572D3A00C4FA54 /* RoutesViewController.swift in Sources */,
				DAFB80B5295727A800C4FA54 /* Date+Extension.swift in Sources */,
				DAFB80B9295727FE00C4FA54 /* UIColor+Extension.swift in Sources */,
				DAFB80DF29572C8600C4FA54 /* SearchResultTableViewController.swift in Sources */,
				DAFB80E129572CA900C4FA54 /* NewRouteViewController.swift in Sources */,
				DAFB80E329572CC500C4FA54 /* NewRoutePresenter.swift in Sources */,
			);
			runOnlyForDeploymentPostprocessing = 0;
		};
/* End PBXSourcesBuildPhase section */

/* Begin PBXVariantGroup section */
		DAFB80A829571FE000C4FA54 /* LaunchScreen.storyboard */ = {
			isa = PBXVariantGroup;
			children = (
				DAFB80A929571FE000C4FA54 /* Base */,
			);
			name = LaunchScreen.storyboard;
			sourceTree = "<group>";
		};
/* End PBXVariantGroup section */

/* Begin XCBuildConfiguration section */
		DAFB80AC29571FE000C4FA54 /* Debug */ = {
			isa = XCBuildConfiguration;
			buildSettings = {
				ALWAYS_SEARCH_USER_PATHS = NO;
				CLANG_ANALYZER_NONNULL = YES;
				CLANG_ANALYZER_NUMBER_OBJECT_CONVERSION = YES_AGGRESSIVE;
				CLANG_CXX_LANGUAGE_STANDARD = "gnu++20";
				CLANG_ENABLE_MODULES = YES;
				CLANG_ENABLE_OBJC_ARC = YES;
				CLANG_ENABLE_OBJC_WEAK = YES;
				CLANG_WARN_BLOCK_CAPTURE_AUTORELEASING = YES;
				CLANG_WARN_BOOL_CONVERSION = YES;
				CLANG_WARN_COMMA = YES;
				CLANG_WARN_CONSTANT_CONVERSION = YES;
				CLANG_WARN_DEPRECATED_OBJC_IMPLEMENTATIONS = YES;
				CLANG_WARN_DIRECT_OBJC_ISA_USAGE = YES_ERROR;
				CLANG_WARN_DOCUMENTATION_COMMENTS = YES;
				CLANG_WARN_EMPTY_BODY = YES;
				CLANG_WARN_ENUM_CONVERSION = YES;
				CLANG_WARN_INFINITE_RECURSION = YES;
				CLANG_WARN_INT_CONVERSION = YES;
				CLANG_WARN_NON_LITERAL_NULL_CONVERSION = YES;
				CLANG_WARN_OBJC_IMPLICIT_RETAIN_SELF = YES;
				CLANG_WARN_OBJC_LITERAL_CONVERSION = YES;
				CLANG_WARN_OBJC_ROOT_CLASS = YES_ERROR;
				CLANG_WARN_QUOTED_INCLUDE_IN_FRAMEWORK_HEADER = YES;
				CLANG_WARN_RANGE_LOOP_ANALYSIS = YES;
				CLANG_WARN_STRICT_PROTOTYPES = YES;
				CLANG_WARN_SUSPICIOUS_MOVE = YES;
				CLANG_WARN_UNGUARDED_AVAILABILITY = YES_AGGRESSIVE;
				CLANG_WARN_UNREACHABLE_CODE = YES;
				CLANG_WARN__DUPLICATE_METHOD_MATCH = YES;
				COPY_PHASE_STRIP = NO;
				DEBUG_INFORMATION_FORMAT = dwarf;
				ENABLE_STRICT_OBJC_MSGSEND = YES;
				ENABLE_TESTABILITY = YES;
				GCC_C_LANGUAGE_STANDARD = gnu11;
				GCC_DYNAMIC_NO_PIC = NO;
				GCC_NO_COMMON_BLOCKS = YES;
				GCC_OPTIMIZATION_LEVEL = 0;
				GCC_PREPROCESSOR_DEFINITIONS = (
					"DEBUG=1",
					"$(inherited)",
				);
				GCC_WARN_64_TO_32_BIT_CONVERSION = YES;
				GCC_WARN_ABOUT_RETURN_TYPE = YES_ERROR;
				GCC_WARN_UNDECLARED_SELECTOR = YES;
				GCC_WARN_UNINITIALIZED_AUTOS = YES_AGGRESSIVE;
				GCC_WARN_UNUSED_FUNCTION = YES;
				GCC_WARN_UNUSED_VARIABLE = YES;
				IPHONEOS_DEPLOYMENT_TARGET = 16.2;
				MTL_ENABLE_DEBUG_INFO = INCLUDE_SOURCE;
				MTL_FAST_MATH = YES;
				ONLY_ACTIVE_ARCH = YES;
				SDKROOT = iphoneos;
				SWIFT_ACTIVE_COMPILATION_CONDITIONS = DEBUG;
				SWIFT_OPTIMIZATION_LEVEL = "-Onone";
			};
			name = Debug;
		};
		DAFB80AD29571FE000C4FA54 /* Release */ = {
			isa = XCBuildConfiguration;
			buildSettings = {
				ALWAYS_SEARCH_USER_PATHS = NO;
				CLANG_ANALYZER_NONNULL = YES;
				CLANG_ANALYZER_NUMBER_OBJECT_CONVERSION = YES_AGGRESSIVE;
				CLANG_CXX_LANGUAGE_STANDARD = "gnu++20";
				CLANG_ENABLE_MODULES = YES;
				CLANG_ENABLE_OBJC_ARC = YES;
				CLANG_ENABLE_OBJC_WEAK = YES;
				CLANG_WARN_BLOCK_CAPTURE_AUTORELEASING = YES;
				CLANG_WARN_BOOL_CONVERSION = YES;
				CLANG_WARN_COMMA = YES;
				CLANG_WARN_CONSTANT_CONVERSION = YES;
				CLANG_WARN_DEPRECATED_OBJC_IMPLEMENTATIONS = YES;
				CLANG_WARN_DIRECT_OBJC_ISA_USAGE = YES_ERROR;
				CLANG_WARN_DOCUMENTATION_COMMENTS = YES;
				CLANG_WARN_EMPTY_BODY = YES;
				CLANG_WARN_ENUM_CONVERSION = YES;
				CLANG_WARN_INFINITE_RECURSION = YES;
				CLANG_WARN_INT_CONVERSION = YES;
				CLANG_WARN_NON_LITERAL_NULL_CONVERSION = YES;
				CLANG_WARN_OBJC_IMPLICIT_RETAIN_SELF = YES;
				CLANG_WARN_OBJC_LITERAL_CONVERSION = YES;
				CLANG_WARN_OBJC_ROOT_CLASS = YES_ERROR;
				CLANG_WARN_QUOTED_INCLUDE_IN_FRAMEWORK_HEADER = YES;
				CLANG_WARN_RANGE_LOOP_ANALYSIS = YES;
				CLANG_WARN_STRICT_PROTOTYPES = YES;
				CLANG_WARN_SUSPICIOUS_MOVE = YES;
				CLANG_WARN_UNGUARDED_AVAILABILITY = YES_AGGRESSIVE;
				CLANG_WARN_UNREACHABLE_CODE = YES;
				CLANG_WARN__DUPLICATE_METHOD_MATCH = YES;
				COPY_PHASE_STRIP = NO;
				DEBUG_INFORMATION_FORMAT = "dwarf-with-dsym";
				ENABLE_NS_ASSERTIONS = NO;
				ENABLE_STRICT_OBJC_MSGSEND = YES;
				GCC_C_LANGUAGE_STANDARD = gnu11;
				GCC_NO_COMMON_BLOCKS = YES;
				GCC_WARN_64_TO_32_BIT_CONVERSION = YES;
				GCC_WARN_ABOUT_RETURN_TYPE = YES_ERROR;
				GCC_WARN_UNDECLARED_SELECTOR = YES;
				GCC_WARN_UNINITIALIZED_AUTOS = YES_AGGRESSIVE;
				GCC_WARN_UNUSED_FUNCTION = YES;
				GCC_WARN_UNUSED_VARIABLE = YES;
				IPHONEOS_DEPLOYMENT_TARGET = 16.2;
				MTL_ENABLE_DEBUG_INFO = NO;
				MTL_FAST_MATH = YES;
				SDKROOT = iphoneos;
				SWIFT_COMPILATION_MODE = wholemodule;
				SWIFT_OPTIMIZATION_LEVEL = "-O";
				VALIDATE_PRODUCT = YES;
			};
			name = Release;
		};
		DAFB80AF29571FE000C4FA54 /* Debug */ = {
			isa = XCBuildConfiguration;
			buildSettings = {
				ASSETCATALOG_COMPILER_APPICON_NAME = AppIcon;
				ASSETCATALOG_COMPILER_GLOBAL_ACCENT_COLOR_NAME = AccentColor;
				CODE_SIGN_STYLE = Automatic;
				CURRENT_PROJECT_VERSION = 1;
				DEVELOPMENT_TEAM = 4XKQ66453D;
				GENERATE_INFOPLIST_FILE = YES;
				INFOPLIST_FILE = RoutesPlanner/Resources/Info.plist;
				INFOPLIST_KEY_NSLocationWhenInUseUsageDescription = "Please, allow your location";
				INFOPLIST_KEY_UIApplicationSupportsIndirectInputEvents = YES;
				INFOPLIST_KEY_UILaunchStoryboardName = LaunchScreen;
				INFOPLIST_KEY_UIRequiresFullScreen = YES;
				INFOPLIST_KEY_UISupportedInterfaceOrientations = UIInterfaceOrientationPortrait;
				IPHONEOS_DEPLOYMENT_TARGET = 15.0;
				LD_RUNPATH_SEARCH_PATHS = (
					"$(inherited)",
					"@executable_path/Frameworks",
				);
				MARKETING_VERSION = 1.0;
				PRODUCT_BUNDLE_IDENTIFIER = "Aliaksandr-Hunko.RoutesPlanner";
				PRODUCT_NAME = "$(TARGET_NAME)";
				SWIFT_EMIT_LOC_STRINGS = YES;
				SWIFT_VERSION = 5.0;
				TARGETED_DEVICE_FAMILY = "1,2";
			};
			name = Debug;
		};
		DAFB80B029571FE000C4FA54 /* Release */ = {
			isa = XCBuildConfiguration;
			buildSettings = {
				ASSETCATALOG_COMPILER_APPICON_NAME = AppIcon;
				ASSETCATALOG_COMPILER_GLOBAL_ACCENT_COLOR_NAME = AccentColor;
				CODE_SIGN_STYLE = Automatic;
				CURRENT_PROJECT_VERSION = 1;
				DEVELOPMENT_TEAM = 4XKQ66453D;
				GENERATE_INFOPLIST_FILE = YES;
				INFOPLIST_FILE = RoutesPlanner/Resources/Info.plist;
				INFOPLIST_KEY_NSLocationWhenInUseUsageDescription = "Please, allow your location";
				INFOPLIST_KEY_UIApplicationSupportsIndirectInputEvents = YES;
				INFOPLIST_KEY_UILaunchStoryboardName = LaunchScreen;
				INFOPLIST_KEY_UIRequiresFullScreen = YES;
				INFOPLIST_KEY_UISupportedInterfaceOrientations = UIInterfaceOrientationPortrait;
				IPHONEOS_DEPLOYMENT_TARGET = 15.0;
				LD_RUNPATH_SEARCH_PATHS = (
					"$(inherited)",
					"@executable_path/Frameworks",
				);
				MARKETING_VERSION = 1.0;
				PRODUCT_BUNDLE_IDENTIFIER = "Aliaksandr-Hunko.RoutesPlanner";
				PRODUCT_NAME = "$(TARGET_NAME)";
				SWIFT_EMIT_LOC_STRINGS = YES;
				SWIFT_VERSION = 5.0;
				TARGETED_DEVICE_FAMILY = "1,2";
			};
			name = Release;
		};
/* End XCBuildConfiguration section */

/* Begin XCConfigurationList section */
		DAFB809529571FDF00C4FA54 /* Build configuration list for PBXProject "RoutesPlanner" */ = {
			isa = XCConfigurationList;
			buildConfigurations = (
				DAFB80AC29571FE000C4FA54 /* Debug */,
				DAFB80AD29571FE000C4FA54 /* Release */,
			);
			defaultConfigurationIsVisible = 0;
			defaultConfigurationName = Release;
		};
		DAFB80AE29571FE000C4FA54 /* Build configuration list for PBXNativeTarget "RoutesPlanner" */ = {
			isa = XCConfigurationList;
			buildConfigurations = (
				DAFB80AF29571FE000C4FA54 /* Debug */,
				DAFB80B029571FE000C4FA54 /* Release */,
			);
			defaultConfigurationIsVisible = 0;
			defaultConfigurationName = Release;
		};
/* End XCConfigurationList section */

/* Begin XCRemoteSwiftPackageReference section */
		DAFB80BF295728B200C4FA54 /* XCRemoteSwiftPackageReference "realm-swift" */ = {
			isa = XCRemoteSwiftPackageReference;
			repositoryURL = "https://github.com/realm/realm-swift";
			requirement = {
				branch = master;
				kind = branch;
			};
		};
		DAFB80C2295728C200C4FA54 /* XCRemoteSwiftPackageReference "EasyAutoLayout" */ = {
			isa = XCRemoteSwiftPackageReference;
			repositoryURL = "https://github.com/Ligr/EasyAutoLayout";
			requirement = {
				branch = main;
				kind = branch;
			};
		};
/* End XCRemoteSwiftPackageReference section */

/* Begin XCSwiftPackageProductDependency section */
		DAFB80C0295728B200C4FA54 /* RealmSwift */ = {
			isa = XCSwiftPackageProductDependency;
			package = DAFB80BF295728B200C4FA54 /* XCRemoteSwiftPackageReference "realm-swift" */;
			productName = RealmSwift;
		};
		DAFB80C3295728C200C4FA54 /* EasyAutolayout */ = {
			isa = XCSwiftPackageProductDependency;
			package = DAFB80C2295728C200C4FA54 /* XCRemoteSwiftPackageReference "EasyAutoLayout" */;
			productName = EasyAutolayout;
		};
/* End XCSwiftPackageProductDependency section */
	};
	rootObject = DAFB809229571FDF00C4FA54 /* Project object */;
}
